// !$*UTF8*$!
{
	archiveVersion = 1;
	classes = {
	};
	objectVersion = 46;
	objects = {

/* Begin PBXBuildFile section */
		47A2CB40E29F56043268E600 /* libPods-Acronym.a in Frameworks */ = {isa = PBXBuildFile; fileRef = E0799CF4D23CB24FF6E28396 /* libPods-Acronym.a */; };
		F18FC7031C88459800A4A352 /* main.m in Sources */ = {isa = PBXBuildFile; fileRef = F18FC7021C88459800A4A352 /* main.m */; };
		F18FC7061C88459800A4A352 /* AppDelegate.m in Sources */ = {isa = PBXBuildFile; fileRef = F18FC7051C88459800A4A352 /* AppDelegate.m */; };
		F18FC70C1C88459800A4A352 /* Main.storyboard in Resources */ = {isa = PBXBuildFile; fileRef = F18FC70A1C88459800A4A352 /* Main.storyboard */; };
		F18FC70F1C88459800A4A352 /* Acronym.xcdatamodeld in Sources */ = {isa = PBXBuildFile; fileRef = F18FC70D1C88459800A4A352 /* Acronym.xcdatamodeld */; };
		F18FC7111C88459800A4A352 /* Assets.xcassets in Resources */ = {isa = PBXBuildFile; fileRef = F18FC7101C88459800A4A352 /* Assets.xcassets */; };
		F18FC7141C88459800A4A352 /* LaunchScreen.storyboard in Resources */ = {isa = PBXBuildFile; fileRef = F18FC7121C88459800A4A352 /* LaunchScreen.storyboard */; };
		F18FC71F1C88459800A4A352 /* AcronymTests.m in Sources */ = {isa = PBXBuildFile; fileRef = F18FC71E1C88459800A4A352 /* AcronymTests.m */; };
		F18FC72A1C88459800A4A352 /* AcronymUITests.m in Sources */ = {isa = PBXBuildFile; fileRef = F18FC7291C88459800A4A352 /* AcronymUITests.m */; };
		F18FC7391C88582E00A4A352 /* MainView.m in Sources */ = {isa = PBXBuildFile; fileRef = F18FC7381C88582E00A4A352 /* MainView.m */; };
		F18FC73C1C8862B900A4A352 /* ConParAPI.m in Sources */ = {isa = PBXBuildFile; fileRef = F18FC73B1C8862B900A4A352 /* ConParAPI.m */; };
		F18FC73F1C886EA400A4A352 /* customTableViewCell.m in Sources */ = {isa = PBXBuildFile; fileRef = F18FC73E1C886EA400A4A352 /* customTableViewCell.m */; };
/* End PBXBuildFile section */

/* Begin PBXContainerItemProxy section */
		F18FC71B1C88459800A4A352 /* PBXContainerItemProxy */ = {
			isa = PBXContainerItemProxy;
			containerPortal = F18FC6F61C88459800A4A352 /* Project object */;
			proxyType = 1;
			remoteGlobalIDString = F18FC6FD1C88459800A4A352;
			remoteInfo = Acronym;
		};
		F18FC7261C88459800A4A352 /* PBXContainerItemProxy */ = {
			isa = PBXContainerItemProxy;
			containerPortal = F18FC6F61C88459800A4A352 /* Project object */;
			proxyType = 1;
			remoteGlobalIDString = F18FC6FD1C88459800A4A352;
			remoteInfo = Acronym;
		};
/* End PBXContainerItemProxy section */

/* Begin PBXFileReference section */
		343F11DB77E07458A74A03AE /* Pods-Acronym.release.xcconfig */ = {isa = PBXFileReference; includeInIndex = 1; lastKnownFileType = text.xcconfig; name = "Pods-Acronym.release.xcconfig"; path = "Pods/Target Support Files/Pods-Acronym/Pods-Acronym.release.xcconfig"; sourceTree = "<group>"; };
		A9D96D8FE972FFA5ADEE5797 /* Pods-Acronym.debug.xcconfig */ = {isa = PBXFileReference; includeInIndex = 1; lastKnownFileType = text.xcconfig; name = "Pods-Acronym.debug.xcconfig"; path = "Pods/Target Support Files/Pods-Acronym/Pods-Acronym.debug.xcconfig"; sourceTree = "<group>"; };
		E0799CF4D23CB24FF6E28396 /* libPods-Acronym.a */ = {isa = PBXFileReference; explicitFileType = archive.ar; includeInIndex = 0; path = "libPods-Acronym.a"; sourceTree = BUILT_PRODUCTS_DIR; };
		F18FC6FE1C88459800A4A352 /* Acronym.app */ = {isa = PBXFileReference; explicitFileType = wrapper.application; includeInIndex = 0; path = Acronym.app; sourceTree = BUILT_PRODUCTS_DIR; };
		F18FC7021C88459800A4A352 /* main.m */ = {isa = PBXFileReference; lastKnownFileType = sourcecode.c.objc; path = main.m; sourceTree = "<group>"; };
		F18FC7041C88459800A4A352 /* AppDelegate.h */ = {isa = PBXFileReference; lastKnownFileType = sourcecode.c.h; path = AppDelegate.h; sourceTree = "<group>"; };
		F18FC7051C88459800A4A352 /* AppDelegate.m */ = {isa = PBXFileReference; lastKnownFileType = sourcecode.c.objc; path = AppDelegate.m; sourceTree = "<group>"; };
		F18FC70B1C88459800A4A352 /* Base */ = {isa = PBXFileReference; lastKnownFileType = file.storyboard; name = Base; path = Base.lproj/Main.storyboard; sourceTree = "<group>"; };
		F18FC70E1C88459800A4A352 /* Acronym.xcdatamodel */ = {isa = PBXFileReference; lastKnownFileType = wrapper.xcdatamodel; path = Acronym.xcdatamodel; sourceTree = "<group>"; };
		F18FC7101C88459800A4A352 /* Assets.xcassets */ = {isa = PBXFileReference; lastKnownFileType = folder.assetcatalog; path = Assets.xcassets; sourceTree = "<group>"; };
		F18FC7131C88459800A4A352 /* Base */ = {isa = PBXFileReference; lastKnownFileType = file.storyboard; name = Base; path = Base.lproj/LaunchScreen.storyboard; sourceTree = "<group>"; };
		F18FC7151C88459800A4A352 /* Info.plist */ = {isa = PBXFileReference; lastKnownFileType = text.plist.xml; path = Info.plist; sourceTree = "<group>"; };
		F18FC71A1C88459800A4A352 /* AcronymTests.xctest */ = {isa = PBXFileReference; explicitFileType = wrapper.cfbundle; includeInIndex = 0; path = AcronymTests.xctest; sourceTree = BUILT_PRODUCTS_DIR; };
		F18FC71E1C88459800A4A352 /* AcronymTests.m */ = {isa = PBXFileReference; lastKnownFileType = sourcecode.c.objc; path = AcronymTests.m; sourceTree = "<group>"; };
		F18FC7201C88459800A4A352 /* Info.plist */ = {isa = PBXFileReference; lastKnownFileType = text.plist.xml; path = Info.plist; sourceTree = "<group>"; };
		F18FC7251C88459800A4A352 /* AcronymUITests.xctest */ = {isa = PBXFileReference; explicitFileType = wrapper.cfbundle; includeInIndex = 0; path = AcronymUITests.xctest; sourceTree = BUILT_PRODUCTS_DIR; };
		F18FC7291C88459800A4A352 /* AcronymUITests.m */ = {isa = PBXFileReference; lastKnownFileType = sourcecode.c.objc; path = AcronymUITests.m; sourceTree = "<group>"; };
		F18FC72B1C88459800A4A352 /* Info.plist */ = {isa = PBXFileReference; lastKnownFileType = text.plist.xml; path = Info.plist; sourceTree = "<group>"; };
		F18FC7371C88582E00A4A352 /* MainView.h */ = {isa = PBXFileReference; fileEncoding = 4; lastKnownFileType = sourcecode.c.h; path = MainView.h; sourceTree = "<group>"; };
		F18FC7381C88582E00A4A352 /* MainView.m */ = {isa = PBXFileReference; fileEncoding = 4; lastKnownFileType = sourcecode.c.objc; path = MainView.m; sourceTree = "<group>"; };
		F18FC73A1C8862B900A4A352 /* ConParAPI.h */ = {isa = PBXFileReference; fileEncoding = 4; lastKnownFileType = sourcecode.c.h; path = ConParAPI.h; sourceTree = "<group>"; };
		F18FC73B1C8862B900A4A352 /* ConParAPI.m */ = {isa = PBXFileReference; fileEncoding = 4; lastKnownFileType = sourcecode.c.objc; path = ConParAPI.m; sourceTree = "<group>"; };
		F18FC73D1C886EA400A4A352 /* customTableViewCell.h */ = {isa = PBXFileReference; fileEncoding = 4; lastKnownFileType = sourcecode.c.h; path = customTableViewCell.h; sourceTree = "<group>"; };
		F18FC73E1C886EA400A4A352 /* customTableViewCell.m */ = {isa = PBXFileReference; fileEncoding = 4; lastKnownFileType = sourcecode.c.objc; path = customTableViewCell.m; sourceTree = "<group>"; };
/* End PBXFileReference section */

/* Begin PBXFrameworksBuildPhase section */
		F18FC6FB1C88459800A4A352 /* Frameworks */ = {
			isa = PBXFrameworksBuildPhase;
			buildActionMask = 2147483647;
			files = (
				47A2CB40E29F56043268E600 /* libPods-Acronym.a in Frameworks */,
			);
			runOnlyForDeploymentPostprocessing = 0;
		};
		F18FC7171C88459800A4A352 /* Frameworks */ = {
			isa = PBXFrameworksBuildPhase;
			buildActionMask = 2147483647;
			files = (
			);
			runOnlyForDeploymentPostprocessing = 0;
		};
		F18FC7221C88459800A4A352 /* Frameworks */ = {
			isa = PBXFrameworksBuildPhase;
			buildActionMask = 2147483647;
			files = (
			);
			runOnlyForDeploymentPostprocessing = 0;
		};
/* End PBXFrameworksBuildPhase section */

/* Begin PBXGroup section */
		6D21A63B14DF7D8E3B82F180 /* Frameworks */ = {
			isa = PBXGroup;
			children = (
				E0799CF4D23CB24FF6E28396 /* libPods-Acronym.a */,
			);
			name = Frameworks;
			sourceTree = "<group>";
		};
		95BB36005B2DB62467B57D38 /* Pods */ = {
			isa = PBXGroup;
			children = (
				A9D96D8FE972FFA5ADEE5797 /* Pods-Acronym.debug.xcconfig */,
				343F11DB77E07458A74A03AE /* Pods-Acronym.release.xcconfig */,
			);
			name = Pods;
			sourceTree = "<group>";
		};
		F18FC6F51C88459800A4A352 = {
			isa = PBXGroup;
			children = (
				F18FC7001C88459800A4A352 /* Acronym */,
				F18FC71D1C88459800A4A352 /* AcronymTests */,
				F18FC7281C88459800A4A352 /* AcronymUITests */,
				F18FC6FF1C88459800A4A352 /* Products */,
				95BB36005B2DB62467B57D38 /* Pods */,
				6D21A63B14DF7D8E3B82F180 /* Frameworks */,
			);
			sourceTree = "<group>";
		};
		F18FC6FF1C88459800A4A352 /* Products */ = {
			isa = PBXGroup;
			children = (
				F18FC6FE1C88459800A4A352 /* Acronym.app */,
				F18FC71A1C88459800A4A352 /* AcronymTests.xctest */,
				F18FC7251C88459800A4A352 /* AcronymUITests.xctest */,
			);
			name = Products;
			sourceTree = "<group>";
		};
		F18FC7001C88459800A4A352 /* Acronym */ = {
			isa = PBXGroup;
			children = (
				F18FC7041C88459800A4A352 /* AppDelegate.h */,
				F18FC7051C88459800A4A352 /* AppDelegate.m */,
				F18FC7371C88582E00A4A352 /* MainView.h */,
				F18FC7381C88582E00A4A352 /* MainView.m */,
				F18FC70A1C88459800A4A352 /* Main.storyboard */,
				F18FC73D1C886EA400A4A352 /* customTableViewCell.h */,
				F18FC73E1C886EA400A4A352 /* customTableViewCell.m */,
				F18FC73A1C8862B900A4A352 /* ConParAPI.h */,
				F18FC73B1C8862B900A4A352 /* ConParAPI.m */,
				F18FC7101C88459800A4A352 /* Assets.xcassets */,
				F18FC7121C88459800A4A352 /* LaunchScreen.storyboard */,
				F18FC7151C88459800A4A352 /* Info.plist */,
				F18FC70D1C88459800A4A352 /* Acronym.xcdatamodeld */,
				F18FC7011C88459800A4A352 /* Supporting Files */,
			);
			path = Acronym;
			sourceTree = "<group>";
		};
		F18FC7011C88459800A4A352 /* Supporting Files */ = {
			isa = PBXGroup;
			children = (
				F18FC7021C88459800A4A352 /* main.m */,
			);
			name = "Supporting Files";
			sourceTree = "<group>";
		};
		F18FC71D1C88459800A4A352 /* AcronymTests */ = {
			isa = PBXGroup;
			children = (
				F18FC71E1C88459800A4A352 /* AcronymTests.m */,
				F18FC7201C88459800A4A352 /* Info.plist */,
			);
			path = AcronymTests;
			sourceTree = "<group>";
		};
		F18FC7281C88459800A4A352 /* AcronymUITests */ = {
			isa = PBXGroup;
			children = (
				F18FC7291C88459800A4A352 /* AcronymUITests.m */,
				F18FC72B1C88459800A4A352 /* Info.plist */,
			);
			path = AcronymUITests;
			sourceTree = "<group>";
		};
/* End PBXGroup section */

/* Begin PBXNativeTarget section */
		F18FC6FD1C88459800A4A352 /* Acronym */ = {
			isa = PBXNativeTarget;
			buildConfigurationList = F18FC72E1C88459800A4A352 /* Build configuration list for PBXNativeTarget "Acronym" */;
			buildPhases = (
				B868FADEAE421931555A4D15 /* Check Pods Manifest.lock */,
				F18FC6FA1C88459800A4A352 /* Sources */,
				F18FC6FB1C88459800A4A352 /* Frameworks */,
				F18FC6FC1C88459800A4A352 /* Resources */,
				38686A8591568E812FC25EC5 /* Embed Pods Frameworks */,
				65C68EDC52622067C49A6B1A /* Copy Pods Resources */,
			);
			buildRules = (
			);
			dependencies = (
			);
			name = Acronym;
			productName = Acronym;
			productReference = F18FC6FE1C88459800A4A352 /* Acronym.app */;
			productType = "com.apple.product-type.application";
		};
		F18FC7191C88459800A4A352 /* AcronymTests */ = {
			isa = PBXNativeTarget;
			buildConfigurationList = F18FC7311C88459800A4A352 /* Build configuration list for PBXNativeTarget "AcronymTests" */;
			buildPhases = (
				F18FC7161C88459800A4A352 /* Sources */,
				F18FC7171C88459800A4A352 /* Frameworks */,
				F18FC7181C88459800A4A352 /* Resources */,
			);
			buildRules = (
			);
			dependencies = (
				F18FC71C1C88459800A4A352 /* PBXTargetDependency */,
			);
			name = AcronymTests;
			productName = AcronymTests;
			productReference = F18FC71A1C88459800A4A352 /* AcronymTests.xctest */;
			productType = "com.apple.product-type.bundle.unit-test";
		};
		F18FC7241C88459800A4A352 /* AcronymUITests */ = {
			isa = PBXNativeTarget;
			buildConfigurationList = F18FC7341C88459800A4A352 /* Build configuration list for PBXNativeTarget "AcronymUITests" */;
			buildPhases = (
				F18FC7211C88459800A4A352 /* Sources */,
				F18FC7221C88459800A4A352 /* Frameworks */,
				F18FC7231C88459800A4A352 /* Resources */,
			);
			buildRules = (
			);
			dependencies = (
				F18FC7271C88459800A4A352 /* PBXTargetDependency */,
			);
			name = AcronymUITests;
			productName = AcronymUITests;
			productReference = F18FC7251C88459800A4A352 /* AcronymUITests.xctest */;
			productType = "com.apple.product-type.bundle.ui-testing";
		};
/* End PBXNativeTarget section */

/* Begin PBXProject section */
		F18FC6F61C88459800A4A352 /* Project object */ = {
			isa = PBXProject;
			attributes = {
				LastUpgradeCheck = 0720;
				ORGANIZATIONNAME = "Bhavin Patel";
				TargetAttributes = {
					F18FC6FD1C88459800A4A352 = {
						CreatedOnToolsVersion = 7.2;
					};
					F18FC7191C88459800A4A352 = {
						CreatedOnToolsVersion = 7.2;
						DevelopmentTeam = J3362B2W53;
						TestTargetID = F18FC6FD1C88459800A4A352;
					};
					F18FC7241C88459800A4A352 = {
						CreatedOnToolsVersion = 7.2;
						DevelopmentTeam = J3362B2W53;
						TestTargetID = F18FC6FD1C88459800A4A352;
					};
				};
			};
			buildConfigurationList = F18FC6F91C88459800A4A352 /* Build configuration list for PBXProject "Acronym" */;
			compatibilityVersion = "Xcode 3.2";
			developmentRegion = English;
			hasScannedForEncodings = 0;
			knownRegions = (
				en,
				Base,
			);
			mainGroup = F18FC6F51C88459800A4A352;
			productRefGroup = F18FC6FF1C88459800A4A352 /* Products */;
			projectDirPath = "";
			projectRoot = "";
			targets = (
				F18FC6FD1C88459800A4A352 /* Acronym */,
				F18FC7191C88459800A4A352 /* AcronymTests */,
				F18FC7241C88459800A4A352 /* AcronymUITests */,
			);
		};
/* End PBXProject section */

/* Begin PBXResourcesBuildPhase section */
		F18FC6FC1C88459800A4A352 /* Resources */ = {
			isa = PBXResourcesBuildPhase;
			buildActionMask = 2147483647;
			files = (
				F18FC7141C88459800A4A352 /* LaunchScreen.storyboard in Resources */,
				F18FC7111C88459800A4A352 /* Assets.xcassets in Resources */,
				F18FC70C1C88459800A4A352 /* Main.storyboard in Resources */,
			);
			runOnlyForDeploymentPostprocessing = 0;
		};
		F18FC7181C88459800A4A352 /* Resources */ = {
			isa = PBXResourcesBuildPhase;
			buildActionMask = 2147483647;
			files = (
			);
			runOnlyForDeploymentPostprocessing = 0;
		};
		F18FC7231C88459800A4A352 /* Resources */ = {
			isa = PBXResourcesBuildPhase;
			buildActionMask = 2147483647;
			files = (
			);
			runOnlyForDeploymentPostprocessing = 0;
		};
/* End PBXResourcesBuildPhase section */

/* Begin PBXShellScriptBuildPhase section */
		38686A8591568E812FC25EC5 /* Embed Pods Frameworks */ = {
			isa = PBXShellScriptBuildPhase;
			buildActionMask = 2147483647;
			files = (
			);
			inputPaths = (
			);
			name = "Embed Pods Frameworks";
			outputPaths = (
			);
			runOnlyForDeploymentPostprocessing = 0;
			shellPath = /bin/sh;
			shellScript = "\"${SRCROOT}/Pods/Target Support Files/Pods-Acronym/Pods-Acronym-frameworks.sh\"\n";
			showEnvVarsInLog = 0;
		};
		65C68EDC52622067C49A6B1A /* Copy Pods Resources */ = {
			isa = PBXShellScriptBuildPhase;
			buildActionMask = 2147483647;
			files = (
			);
			inputPaths = (
			);
			name = "Copy Pods Resources";
			outputPaths = (
			);
			runOnlyForDeploymentPostprocessing = 0;
			shellPath = /bin/sh;
			shellScript = "\"${SRCROOT}/Pods/Target Support Files/Pods-Acronym/Pods-Acronym-resources.sh\"\n";
			showEnvVarsInLog = 0;
		};
		B868FADEAE421931555A4D15 /* Check Pods Manifest.lock */ = {
			isa = PBXShellScriptBuildPhase;
			buildActionMask = 2147483647;
			files = (
			);
			inputPaths = (
			);
			name = "Check Pods Manifest.lock";
			outputPaths = (
			);
			runOnlyForDeploymentPostprocessing = 0;
			shellPath = /bin/sh;
			shellScript = "diff \"${PODS_ROOT}/../Podfile.lock\" \"${PODS_ROOT}/Manifest.lock\" > /dev/null\nif [[ $? != 0 ]] ; then\n    cat << EOM\nerror: The sandbox is not in sync with the Podfile.lock. Run 'pod install' or update your CocoaPods installation.\nEOM\n    exit 1\nfi\n";
			showEnvVarsInLog = 0;
		};
/* End PBXShellScriptBuildPhase section */

/* Begin PBXSourcesBuildPhase section */
		F18FC6FA1C88459800A4A352 /* Sources */ = {
			isa = PBXSourcesBuildPhase;
			buildActionMask = 2147483647;
			files = (
				F18FC7391C88582E00A4A352 /* MainView.m in Sources */,
				F18FC70F1C88459800A4A352 /* Acronym.xcdatamodeld in Sources */,
				F18FC7061C88459800A4A352 /* AppDelegate.m in Sources */,
				F18FC73C1C8862B900A4A352 /* ConParAPI.m in Sources */,
				F18FC73F1C886EA400A4A352 /* customTableViewCell.m in Sources */,
				F18FC7031C88459800A4A352 /* main.m in Sources */,
			);
			runOnlyForDeploymentPostprocessing = 0;
		};
		F18FC7161C88459800A4A352 /* Sources */ = {
			isa = PBXSourcesBuildPhase;
			buildActionMask = 2147483647;
			files = (
				F18FC71F1C88459800A4A352 /* AcronymTests.m in Sources */,
			);
			runOnlyForDeploymentPostprocessing = 0;
		};
		F18FC7211C88459800A4A352 /* Sources */ = {
			isa = PBXSourcesBuildPhase;
			buildActionMask = 2147483647;
			files = (
				F18FC72A1C88459800A4A352 /* AcronymUITests.m in Sources */,
			);
			runOnlyForDeploymentPostprocessing = 0;
		};
/* End PBXSourcesBuildPhase section */

/* Begin PBXTargetDependency section */
		F18FC71C1C88459800A4A352 /* PBXTargetDependency */ = {
			isa = PBXTargetDependency;
			target = F18FC6FD1C88459800A4A352 /* Acronym */;
			targetProxy = F18FC71B1C88459800A4A352 /* PBXContainerItemProxy */;
		};
		F18FC7271C88459800A4A352 /* PBXTargetDependency */ = {
			isa = PBXTargetDependency;
			target = F18FC6FD1C88459800A4A352 /* Acronym */;
			targetProxy = F18FC7261C88459800A4A352 /* PBXContainerItemProxy */;
		};
/* End PBXTargetDependency section */

/* Begin PBXVariantGroup section */
		F18FC70A1C88459800A4A352 /* Main.storyboard */ = {
			isa = PBXVariantGroup;
			children = (
				F18FC70B1C88459800A4A352 /* Base */,
			);
			name = Main.storyboard;
			sourceTree = "<group>";
		};
		F18FC7121C88459800A4A352 /* LaunchScreen.storyboard */ = {
			isa = PBXVariantGroup;
			children = (
				F18FC7131C88459800A4A352 /* Base */,
			);
			name = LaunchScreen.storyboard;
			sourceTree = "<group>";
		};
/* End PBXVariantGroup section */

/* Begin XCBuildConfiguration section */
		F18FC72C1C88459800A4A352 /* Debug */ = {
			isa = XCBuildConfiguration;
			buildSettings = {
				ALWAYS_SEARCH_USER_PATHS = NO;
				CLANG_CXX_LANGUAGE_STANDARD = "gnu++0x";
				CLANG_CXX_LIBRARY = "libc++";
				CLANG_ENABLE_MODULES = YES;
				CLANG_ENABLE_OBJC_ARC = YES;
				CLANG_WARN_BOOL_CONVERSION = YES;
				CLANG_WARN_CONSTANT_CONVERSION = YES;
				CLANG_WARN_DIRECT_OBJC_ISA_USAGE = YES_ERROR;
				CLANG_WARN_EMPTY_BODY = YES;
				CLANG_WARN_ENUM_CONVERSION = YES;
				CLANG_WARN_INT_CONVERSION = YES;
				CLANG_WARN_OBJC_ROOT_CLASS = YES_ERROR;
				CLANG_WARN_UNREACHABLE_CODE = YES;
				CLANG_WARN__DUPLICATE_METHOD_MATCH = YES;
				"CODE_SIGN_IDENTITY[sdk=iphoneos*]" = "iPhone Developer";
				COPY_PHASE_STRIP = NO;
				DEBUG_INFORMATION_FORMAT = dwarf;
				ENABLE_STRICT_OBJC_MSGSEND = YES;
				ENABLE_TESTABILITY = YES;
				GCC_C_LANGUAGE_STANDARD = gnu99;
				GCC_DYNAMIC_NO_PIC = NO;
				GCC_NO_COMMON_BLOCKS = YES;
				GCC_OPTIMIZATION_LEVEL = 0;
				GCC_PREPROCESSOR_DEFINITIONS = (
					"DEBUG=1",
					"$(inherited)",
				);
				GCC_WARN_64_TO_32_BIT_CONVERSION = YES;
				GCC_WARN_ABOUT_RETURN_TYPE = YES_ERROR;
				GCC_WARN_UNDECLARED_SELECTOR = YES;
				GCC_WARN_UNINITIALIZED_AUTOS = YES_AGGRESSIVE;
				GCC_WARN_UNUSED_FUNCTION = YES;
				GCC_WARN_UNUSED_VARIABLE = YES;
				IPHONEOS_DEPLOYMENT_TARGET = 9.2;
				MTL_ENABLE_DEBUG_INFO = YES;
				ONLY_ACTIVE_ARCH = YES;
				SDKROOT = iphoneos;
				TARGETED_DEVICE_FAMILY = "1,2";
			};
			name = Debug;
		};
		F18FC72D1C88459800A4A352 /* Release */ = {
			isa = XCBuildConfiguration;
			buildSettings = {
				ALWAYS_SEARCH_USER_PATHS = NO;
				CLANG_CXX_LANGUAGE_STANDARD = "gnu++0x";
				CLANG_CXX_LIBRARY = "libc++";
				CLANG_ENABLE_MODULES = YES;
				CLANG_ENABLE_OBJC_ARC = YES;
				CLANG_WARN_BOOL_CONVERSION = YES;
				CLANG_WARN_CONSTANT_CONVERSION = YES;
				CLANG_WARN_DIRECT_OBJC_ISA_USAGE = YES_ERROR;
				CLANG_WARN_EMPTY_BODY = YES;
				CLANG_WARN_ENUM_CONVERSION = YES;
				CLANG_WARN_INT_CONVERSION = YES;
				CLANG_WARN_OBJC_ROOT_CLASS = YES_ERROR;
				CLANG_WARN_UNREACHABLE_CODE = YES;
				CLANG_WARN__DUPLICATE_METHOD_MATCH = YES;
				"CODE_SIGN_IDENTITY[sdk=iphoneos*]" = "iPhone Developer";
				COPY_PHASE_STRIP = NO;
				DEBUG_INFORMATION_FORMAT = "dwarf-with-dsym";
				ENABLE_NS_ASSERTIONS = NO;
				ENABLE_STRICT_OBJC_MSGSEND = YES;
				GCC_C_LANGUAGE_STANDARD = gnu99;
				GCC_NO_COMMON_BLOCKS = YES;
				GCC_WARN_64_TO_32_BIT_CONVERSION = YES;
				GCC_WARN_ABOUT_RETURN_TYPE = YES_ERROR;
				GCC_WARN_UNDECLARED_SELECTOR = YES;
				GCC_WARN_UNINITIALIZED_AUTOS = YES_AGGRESSIVE;
				GCC_WARN_UNUSED_FUNCTION = YES;
				GCC_WARN_UNUSED_VARIABLE = YES;
				IPHONEOS_DEPLOYMENT_TARGET = 9.2;
				MTL_ENABLE_DEBUG_INFO = NO;
				SDKROOT = iphoneos;
				TARGETED_DEVICE_FAMILY = "1,2";
				VALIDATE_PRODUCT = YES;
			};
			name = Release;
		};
		F18FC72F1C88459800A4A352 /* Debug */ = {
			isa = XCBuildConfiguration;
			baseConfigurationReference = A9D96D8FE972FFA5ADEE5797 /* Pods-Acronym.debug.xcconfig */;
			buildSettings = {
				ASSETCATALOG_COMPILER_APPICON_NAME = AppIcon;
				CODE_SIGN_IDENTITY = "iPhone Developer";
				INFOPLIST_FILE = Acronym/Info.plist;
				IPHONEOS_DEPLOYMENT_TARGET = 8.0;
				LD_RUNPATH_SEARCH_PATHS = "$(inherited) @executable_path/Frameworks";
				PRODUCT_BUNDLE_IDENTIFIER = Test.Acronym;
				PRODUCT_NAME = "$(TARGET_NAME)";
			};
			name = Debug;
		};
		F18FC7301C88459800A4A352 /* Release */ = {
			isa = XCBuildConfiguration;
			baseConfigurationReference = 343F11DB77E07458A74A03AE /* Pods-Acronym.release.xcconfig */;
			buildSettings = {
				ASSETCATALOG_COMPILER_APPICON_NAME = AppIcon;
				CODE_SIGN_IDENTITY = "iPhone Developer";
				INFOPLIST_FILE = Acronym/Info.plist;
				IPHONEOS_DEPLOYMENT_TARGET = 8.0;
				LD_RUNPATH_SEARCH_PATHS = "$(inherited) @executable_path/Frameworks";
				PRODUCT_BUNDLE_IDENTIFIER = Test.Acronym;
				PRODUCT_NAME = "$(TARGET_NAME)";
			};
			name = Release;
		};
		F18FC7321C88459800A4A352 /* Debug */ = {
			isa = XCBuildConfiguration;
			buildSettings = {
				BUNDLE_LOADER = "$(TEST_HOST)";
				INFOPLIST_FILE = AcronymTests/Info.plist;
				LD_RUNPATH_SEARCH_PATHS = "$(inherited) @executable_path/Frameworks @loader_path/Frameworks";
				PRODUCT_BUNDLE_IDENTIFIER = Test.AcronymTests;
				PRODUCT_NAME = "$(TARGET_NAME)";
				TEST_HOST = "$(BUILT_PRODUCTS_DIR)/Acronym.app/Acronym";
			};
			name = Debug;
		};
		F18FC7331C88459800A4A352 /* Release */ = {
			isa = XCBuildConfiguration;
			buildSettings = {
				BUNDLE_LOADER = "$(TEST_HOST)";
				INFOPLIST_FILE = AcronymTests/Info.plist;
				LD_RUNPATH_SEARCH_PATHS = "$(inherited) @executable_path/Frameworks @loader_path/Frameworks";
				PRODUCT_BUNDLE_IDENTIFIER = Test.AcronymTests;
				PRODUCT_NAME = "$(TARGET_NAME)";
				TEST_HOST = "$(BUILT_PRODUCTS_DIR)/Acronym.app/Acronym";
			};
			name = Release;
		};
		F18FC7351C88459800A4A352 /* Debug */ = {
			isa = XCBuildConfiguration;
			buildSettings = {
				INFOPLIST_FILE = AcronymUITests/Info.plist;
				LD_RUNPATH_SEARCH_PATHS = "$(inherited) @executable_path/Frameworks @loader_path/Frameworks";
				PRODUCT_BUNDLE_IDENTIFIER = Test.AcronymUITests;
				PRODUCT_NAME = "$(TARGET_NAME)";
				TEST_TARGET_NAME = Acronym;
				USES_XCTRUNNER = YES;
			};
			name = Debug;
		};
		F18FC7361C88459800A4A352 /* Release */ = {
			isa = XCBuildConfiguration;
			buildSettings = {
				INFOPLIST_FILE = AcronymUITests/Info.plist;
				LD_RUNPATH_SEARCH_PATHS = "$(inherited) @executable_path/Frameworks @loader_path/Frameworks";
				PRODUCT_BUNDLE_IDENTIFIER = Test.AcronymUITests;
				PRODUCT_NAME = "$(TARGET_NAME)";
				TEST_TARGET_NAME = Acronym;
				USES_XCTRUNNER = YES;
			};
			name = Release;
		};
/* End XCBuildConfiguration section */

/* Begin XCConfigurationList section */
		F18FC6F91C88459800A4A352 /* Build configuration list for PBXProject "Acronym" */ = {
			isa = XCConfigurationList;
			buildConfigurations = (
				F18FC72C1C88459800A4A352 /* Debug */,
				F18FC72D1C88459800A4A352 /* Release */,
			);
			defaultConfigurationIsVisible = 0;
			defaultConfigurationName = Release;
		};
		F18FC72E1C88459800A4A352 /* Build configuration list for PBXNativeTarget "Acronym" */ = {
			isa = XCConfigurationList;
			buildConfigurations = (
				F18FC72F1C88459800A4A352 /* Debug */,
				F18FC7301C88459800A4A352 /* Release */,
			);
			defaultConfigurationIsVisible = 0;
			defaultConfigurationName = Release;
		};
		F18FC7311C88459800A4A352 /* Build configuration list for PBXNativeTarget "AcronymTests" */ = {
			isa = XCConfigurationList;
			buildConfigurations = (
				F18FC7321C88459800A4A352 /* Debug */,
				F18FC7331C88459800A4A352 /* Release */,
			);
			defaultConfigurationIsVisible = 0;
			defaultConfigurationName = Release;
		};
		F18FC7341C88459800A4A352 /* Build configuration list for PBXNativeTarget "AcronymUITests" */ = {
			isa = XCConfigurationList;
			buildConfigurations = (
				F18FC7351C88459800A4A352 /* Debug */,
				F18FC7361C88459800A4A352 /* Release */,
			);
			defaultConfigurationIsVisible = 0;
			defaultConfigurationName = Release;
		};
/* End XCConfigurationList section */

/* Begin XCVersionGroup section */
		F18FC70D1C88459800A4A352 /* Acronym.xcdatamodeld */ = {
			isa = XCVersionGroup;
			children = (
				F18FC70E1C88459800A4A352 /* Acronym.xcdatamodel */,
			);
			currentVersion = F18FC70E1C88459800A4A352 /* Acronym.xcdatamodel */;
			path = Acronym.xcdatamodeld;
			sourceTree = "<group>";
			versionGroupType = wrapper.xcdatamodel;
		};
/* End XCVersionGroup section */
	};
	rootObject = F18FC6F61C88459800A4A352 /* Project object */;
}
